
Microsoft Visual Studio Solution File, Format Version 10.00
# Visual Studio 2008
Project("{8BC9CEB8-8B4A-11D0-8D11-00A0C91BC942}") = "mysqlpp", "mysql++_mysqlpp.vcproj", "{2DAE6437-6594-5B8A-B969-BBF287043EE4}"
EndProject
Project("{8BC9CEB8-8B4A-11D0-8D11-00A0C91BC942}") = "DDBMS", "DDBMS.vcproj", "{C8455BC1-D8E7-4425-BFFF-15FC18AB0333}"
	ProjectSection(ProjectDependencies) = postProject
		{2DAE6437-6594-5B8A-B969-BBF287043EE4} = {2DAE6437-6594-5B8A-B969-BBF287043EE4}
	EndProjectSection
EndProject
Global
	GlobalSection(SolutionConfigurationPlatforms) = preSolution
		Debug|Win32 = Debug|Win32
		Release|Win32 = Release|Win32
	EndGlobalSection
	GlobalSection(ProjectConfigurationPlatforms) = postSolution
		{2DAE6437-6594-5B8A-B969-BBF287043EE4}.Debug|Win32.ActiveCfg = Debug|Win32
		{2DAE6437-6594-5B8A-B969-BBF287043EE4}.Debug|Win32.Build.0 = Debug|Win32
		{2DAE6437-6594-5B8A-B969-BBF287043EE4}.Release|Win32.ActiveCfg = Release|Win32
		{2DAE6437-6594-5B8A-B969-BBF287043EE4}.Release|Win32.Build.0 = Release|Win32
		{C8455BC1-D8E7-4425-BFFF-15FC18AB0333}.Debug|Win32.ActiveCfg = Debug|Win32
		{C8455BC1-D8E7-4425-BFFF-15FC18AB0333}.Debug|Win32.Build.0 = Debug|Win32
		{C8455BC1-D8E7-4425-BFFF-15FC18AB0333}.Release|Win32.ActiveCfg = Release|Win32
		{C8455BC1-D8E7-4425-BFFF-15FC18AB0333}.Release|Win32.Build.0 = Release|Win32
	EndGlobalSection
	GlobalSection(SolutionProperties) = preSolution
		HideSolutionNode = FALSE
	EndGlobalSection
EndGlobal
